// !$*UTF8*$!
{
	archiveVersion = 1;
	classes = {
	};
	objectVersion = 46;
	objects = {

/* Begin PBXBuildFile section */
		98D7098C1ACEE5EE00D76A48 /* AppDelegate.swift in Sources */ = {isa = PBXBuildFile; fileRef = 98D7098B1ACEE5EE00D76A48 /* AppDelegate.swift */; };
		98D7098E1ACEE5EE00D76A48 /* ViewController.swift in Sources */ = {isa = PBXBuildFile; fileRef = 98D7098D1ACEE5EE00D76A48 /* ViewController.swift */; };
		98D709911ACEE5EE00D76A48 /* Main.storyboard in Resources */ = {isa = PBXBuildFile; fileRef = 98D7098F1ACEE5EE00D76A48 /* Main.storyboard */; };
		98D709931ACEE5EE00D76A48 /* Images.xcassets in Resources */ = {isa = PBXBuildFile; fileRef = 98D709921ACEE5EE00D76A48 /* Images.xcassets */; };
		98D709961ACEE5EE00D76A48 /* LaunchScreen.xib in Resources */ = {isa = PBXBuildFile; fileRef = 98D709941ACEE5EE00D76A48 /* LaunchScreen.xib */; };
		98D709A21ACEE5EF00D76A48 /* Fun_FactsTests.swift in Sources */ = {isa = PBXBuildFile; fileRef = 98D709A11ACEE5EF00D76A48 /* Fun_FactsTests.swift */; };
		98D709AC1ACF5B5500D76A48 /* FactBook.swift in Sources */ = {isa = PBXBuildFile; fileRef = 98D709AB1ACF5B5500D76A48 /* FactBook.swift */; };
		98D709B01AD055EA00D76A48 /* ColorWheel.swift in Sources */ = {isa = PBXBuildFile; fileRef = 98D709AF1AD055EA00D76A48 /* ColorWheel.swift */; };
/* End PBXBuildFile section */

/* Begin PBXContainerItemProxy section */
		98D7099C1ACEE5EF00D76A48 /* PBXContainerItemProxy */ = {
			isa = PBXContainerItemProxy;
			containerPortal = 98D7097E1ACEE5ED00D76A48 /* Project object */;
			proxyType = 1;
			remoteGlobalIDString = 98D709851ACEE5ED00D76A48;
			remoteInfo = "Fun Facts";
		};
/* End PBXContainerItemProxy section */

/* Begin PBXFileReference section */
		98D709861ACEE5EE00D76A48 /* Fun Facts.app */ = {isa = PBXFileReference; explicitFileType = wrapper.application; includeInIndex = 0; path = "Fun Facts.app"; sourceTree = BUILT_PRODUCTS_DIR; };
		98D7098A1ACEE5EE00D76A48 /* Info.plist */ = {isa = PBXFileReference; lastKnownFileType = text.plist.xml; path = Info.plist; sourceTree = "<group>"; };
		98D7098B1ACEE5EE00D76A48 /* AppDelegate.swift */ = {isa = PBXFileReference; lastKnownFileType = sourcecode.swift; path = AppDelegate.swift; sourceTree = "<group>"; };
		98D7098D1ACEE5EE00D76A48 /* ViewController.swift */ = {isa = PBXFileReference; lastKnownFileType = sourcecode.swift; path = ViewController.swift; sourceTree = "<group>"; };
		98D709901ACEE5EE00D76A48 /* Base */ = {isa = PBXFileReference; lastKnownFileType = file.storyboard; name = Base; path = Base.lproj/Main.storyboard; sourceTree = "<group>"; };
		98D709921ACEE5EE00D76A48 /* Images.xcassets */ = {isa = PBXFileReference; lastKnownFileType = folder.assetcatalog; path = Images.xcassets; sourceTree = "<group>"; };
		98D709951ACEE5EE00D76A48 /* Base */ = {isa = PBXFileReference; lastKnownFileType = file.xib; name = Base; path = Base.lproj/LaunchScreen.xib; sourceTree = "<group>"; };
		98D7099B1ACEE5EF00D76A48 /* Fun FactsTests.xctest */ = {isa = PBXFileReference; explicitFileType = wrapper.cfbundle; includeInIndex = 0; path = "Fun FactsTests.xctest"; sourceTree = BUILT_PRODUCTS_DIR; };
		98D709A01ACEE5EF00D76A48 /* Info.plist */ = {isa = PBXFileReference; lastKnownFileType = text.plist.xml; path = Info.plist; sourceTree = "<group>"; };
		98D709A11ACEE5EF00D76A48 /* Fun_FactsTests.swift */ = {isa = PBXFileReference; lastKnownFileType = sourcecode.swift; path = Fun_FactsTests.swift; sourceTree = "<group>"; };
		98D709AB1ACF5B5500D76A48 /* FactBook.swift */ = {isa = PBXFileReference; fileEncoding = 4; lastKnownFileType = sourcecode.swift; path = FactBook.swift; sourceTree = "<group>"; };
		98D709AD1AD0419700D76A48 /* Scratchpad.playground */ = {isa = PBXFileReference; lastKnownFileType = file.playground; name = Scratchpad.playground; path = Playgrounds/Scratchpad.playground; sourceTree = "<group>"; };
		98D709AF1AD055EA00D76A48 /* ColorWheel.swift */ = {isa = PBXFileReference; fileEncoding = 4; lastKnownFileType = sourcecode.swift; name = ColorWheel.swift; path = ../ColorWheel.swift; sourceTree = "<group>"; };
/* End PBXFileReference section */

/* Begin PBXFrameworksBuildPhase section */
		98D709831ACEE5ED00D76A48 /* Frameworks */ = {
			isa = PBXFrameworksBuildPhase;
			buildActionMask = 2147483647;
			files = (
			);
			runOnlyForDeploymentPostprocessing = 0;
		};
		98D709981ACEE5EF00D76A48 /* Frameworks */ = {
			isa = PBXFrameworksBuildPhase;
			buildActionMask = 2147483647;
			files = (
			);
			runOnlyForDeploymentPostprocessing = 0;
		};
/* End PBXFrameworksBuildPhase section */

/* Begin PBXGroup section */
		98D7097D1ACEE5ED00D76A48 = {
			isa = PBXGroup;
			children = (
				98D709881ACEE5EE00D76A48 /* Fun Facts */,
				98D7099E1ACEE5EF00D76A48 /* Fun FactsTests */,
				98D709AE1AD0426600D76A48 /* Playgrounds */,
				98D709871ACEE5EE00D76A48 /* Products */,
			);
			sourceTree = "<group>";
		};
		98D709871ACEE5EE00D76A48 /* Products */ = {
			isa = PBXGroup;
			children = (
				98D709861ACEE5EE00D76A48 /* Fun Facts.app */,
				98D7099B1ACEE5EF00D76A48 /* Fun FactsTests.xctest */,
			);
			name = Products;
			sourceTree = "<group>";
		};
		98D709881ACEE5EE00D76A48 /* Fun Facts */ = {
			isa = PBXGroup;
			children = (
				98D7098B1ACEE5EE00D76A48 /* AppDelegate.swift */,
				98D709AF1AD055EA00D76A48 /* ColorWheel.swift */,
				98D709AB1ACF5B5500D76A48 /* FactBook.swift */,
				98D7098D1ACEE5EE00D76A48 /* ViewController.swift */,
				98D7098F1ACEE5EE00D76A48 /* Main.storyboard */,
				98D709921ACEE5EE00D76A48 /* Images.xcassets */,
				98D709941ACEE5EE00D76A48 /* LaunchScreen.xib */,
				98D709891ACEE5EE00D76A48 /* Supporting Files */,
			);
			path = "Fun Facts";
			sourceTree = "<group>";
		};
		98D709891ACEE5EE00D76A48 /* Supporting Files */ = {
			isa = PBXGroup;
			children = (
				98D7098A1ACEE5EE00D76A48 /* Info.plist */,
			);
			name = "Supporting Files";
			sourceTree = "<group>";
		};
		98D7099E1ACEE5EF00D76A48 /* Fun FactsTests */ = {
			isa = PBXGroup;
			children = (
				98D709A11ACEE5EF00D76A48 /* Fun_FactsTests.swift */,
				98D7099F1ACEE5EF00D76A48 /* Supporting Files */,
			);
			path = "Fun FactsTests";
			sourceTree = "<group>";
		};
		98D7099F1ACEE5EF00D76A48 /* Supporting Files */ = {
			isa = PBXGroup;
			children = (
				98D709A01ACEE5EF00D76A48 /* Info.plist */,
			);
			name = "Supporting Files";
			sourceTree = "<group>";
		};
		98D709AE1AD0426600D76A48 /* Playgrounds */ = {
			isa = PBXGroup;
			children = (
				98D709AD1AD0419700D76A48 /* Scratchpad.playground */,
			);
			name = Playgrounds;
			sourceTree = "<group>";
		};
/* End PBXGroup section */

/* Begin PBXNativeTarget section */
		98D709851ACEE5ED00D76A48 /* Fun Facts */ = {
			isa = PBXNativeTarget;
			buildConfigurationList = 98D709A51ACEE5EF00D76A48 /* Build configuration list for PBXNativeTarget "Fun Facts" */;
			buildPhases = (
				98D709821ACEE5ED00D76A48 /* Sources */,
				98D709831ACEE5ED00D76A48 /* Frameworks */,
				98D709841ACEE5ED00D76A48 /* Resources */,
			);
			buildRules = (
			);
			dependencies = (
			);
			name = "Fun Facts";
			productName = "Fun Facts";
			productReference = 98D709861ACEE5EE00D76A48 /* Fun Facts.app */;
			productType = "com.apple.product-type.application";
		};
		98D7099A1ACEE5EF00D76A48 /* Fun FactsTests */ = {
			isa = PBXNativeTarget;
			buildConfigurationList = 98D709A81ACEE5EF00D76A48 /* Build configuration list for PBXNativeTarget "Fun FactsTests" */;
			buildPhases = (
				98D709971ACEE5EF00D76A48 /* Sources */,
				98D709981ACEE5EF00D76A48 /* Frameworks */,
				98D709991ACEE5EF00D76A48 /* Resources */,
			);
			buildRules = (
			);
			dependencies = (
				98D7099D1ACEE5EF00D76A48 /* PBXTargetDependency */,
			);
			name = "Fun FactsTests";
			productName = "Fun FactsTests";
			productReference = 98D7099B1ACEE5EF00D76A48 /* Fun FactsTests.xctest */;
			productType = "com.apple.product-type.bundle.unit-test";
		};
/* End PBXNativeTarget section */

/* Begin PBXProject section */
		98D7097E1ACEE5ED00D76A48 /* Project object */ = {
			isa = PBXProject;
			attributes = {
				LastUpgradeCheck = 0620;
				ORGANIZATIONNAME = "Christine Rose";
				TargetAttributes = {
					98D709851ACEE5ED00D76A48 = {
						CreatedOnToolsVersion = 6.2;
					};
					98D7099A1ACEE5EF00D76A48 = {
						CreatedOnToolsVersion = 6.2;
						TestTargetID = 98D709851ACEE5ED00D76A48;
					};
				};
			};
			buildConfigurationList = 98D709811ACEE5ED00D76A48 /* Build configuration list for PBXProject "Fun Facts" */;
			compatibilityVersion = "Xcode 3.2";
			developmentRegion = English;
			hasScannedForEncodings = 0;
			knownRegions = (
				en,
				Base,
			);
			mainGroup = 98D7097D1ACEE5ED00D76A48;
			productRefGroup = 98D709871ACEE5EE00D76A48 /* Products */;
			projectDirPath = "";
			projectRoot = "";
			targets = (
				98D709851ACEE5ED00D76A48 /* Fun Facts */,
				98D7099A1ACEE5EF00D76A48 /* Fun FactsTests */,
			);
		};
/* End PBXProject section */

/* Begin PBXResourcesBuildPhase section */
		98D709841ACEE5ED00D76A48 /* Resources */ = {
			isa = PBXResourcesBuildPhase;
			buildActionMask = 2147483647;
			files = (
				98D709911ACEE5EE00D76A48 /* Main.storyboard in Resources */,
				98D709961ACEE5EE00D76A48 /* LaunchScreen.xib in Resources */,
				98D709931ACEE5EE00D76A48 /* Images.xcassets in Resources */,
			);
			runOnlyForDeploymentPostprocessing = 0;
		};
		98D709991ACEE5EF00D76A48 /* Resources */ = {
			isa = PBXResourcesBuildPhase;
			buildActionMask = 2147483647;
			files = (
			);
			runOnlyForDeploymentPostprocessing = 0;
		};
/* End PBXResourcesBuildPhase section */

/* Begin PBXSourcesBuildPhase section */
		98D709821ACEE5ED00D76A48 /* Sources */ = {
			isa = PBXSourcesBuildPhase;
			buildActionMask = 2147483647;
			files = (
				98D709AC1ACF5B5500D76A48 /* FactBook.swift in Sources */,
				98D7098E1ACEE5EE00D76A48 /* ViewController.swift in Sources */,
				98D7098C1ACEE5EE00D76A48 /* AppDelegate.swift in Sources */,
				98D709B01AD055EA00D76A48 /* ColorWheel.swift in Sources */,
			);
			runOnlyForDeploymentPostprocessing = 0;
		};
		98D709971ACEE5EF00D76A48 /* Sources */ = {
			isa = PBXSourcesBuildPhase;
			buildActionMask = 2147483647;
			files = (
				98D709A21ACEE5EF00D76A48 /* Fun_FactsTests.swift in Sources */,
			);
			runOnlyForDeploymentPostprocessing = 0;
		};
/* End PBXSourcesBuildPhase section */

/* Begin PBXTargetDependency section */
		98D7099D1ACEE5EF00D76A48 /* PBXTargetDependency */ = {
			isa = PBXTargetDependency;
			target = 98D709851ACEE5ED00D76A48 /* Fun Facts */;
			targetProxy = 98D7099C1ACEE5EF00D76A48 /* PBXContainerItemProxy */;
		};
/* End PBXTargetDependency section */

/* Begin PBXVariantGroup section */
		98D7098F1ACEE5EE00D76A48 /* Main.storyboard */ = {
			isa = PBXVariantGroup;
			children = (
				98D709901ACEE5EE00D76A48 /* Base */,
			);
			name = Main.storyboard;
			sourceTree = "<group>";
		};
		98D709941ACEE5EE00D76A48 /* LaunchScreen.xib */ = {
			isa = PBXVariantGroup;
			children = (
				98D709951ACEE5EE00D76A48 /* Base */,
			);
			name = LaunchScreen.xib;
			sourceTree = "<group>";
		};
/* End PBXVariantGroup section */

/* Begin XCBuildConfiguration section */
		98D709A31ACEE5EF00D76A48 /* Debug */ = {
			isa = XCBuildConfiguration;
			buildSettings = {
				ALWAYS_SEARCH_USER_PATHS = NO;
				CLANG_CXX_LANGUAGE_STANDARD = "gnu++0x";
				CLANG_CXX_LIBRARY = "libc++";
				CLANG_ENABLE_MODULES = YES;
				CLANG_ENABLE_OBJC_ARC = YES;
				CLANG_WARN_BOOL_CONVERSION = YES;
				CLANG_WARN_CONSTANT_CONVERSION = YES;
				CLANG_WARN_DIRECT_OBJC_ISA_USAGE = YES_ERROR;
				CLANG_WARN_EMPTY_BODY = YES;
				CLANG_WARN_ENUM_CONVERSION = YES;
				CLANG_WARN_INT_CONVERSION = YES;
				CLANG_WARN_OBJC_ROOT_CLASS = YES_ERROR;
				CLANG_WARN_UNREACHABLE_CODE = YES;
				CLANG_WARN__DUPLICATE_METHOD_MATCH = YES;
				"CODE_SIGN_IDENTITY[sdk=iphoneos*]" = "iPhone Developer";
				COPY_PHASE_STRIP = NO;
				ENABLE_STRICT_OBJC_MSGSEND = YES;
				GCC_C_LANGUAGE_STANDARD = gnu99;
				GCC_DYNAMIC_NO_PIC = NO;
				GCC_OPTIMIZATION_LEVEL = 0;
				GCC_PREPROCESSOR_DEFINITIONS = (
					"DEBUG=1",
					"$(inherited)",
				);
				GCC_SYMBOLS_PRIVATE_EXTERN = NO;
				GCC_WARN_64_TO_32_BIT_CONVERSION = YES;
				GCC_WARN_ABOUT_RETURN_TYPE = YES_ERROR;
				GCC_WARN_UNDECLARED_SELECTOR = YES;
				GCC_WARN_UNINITIALIZED_AUTOS = YES_AGGRESSIVE;
				GCC_WARN_UNUSED_FUNCTION = YES;
				GCC_WARN_UNUSED_VARIABLE = YES;
				IPHONEOS_DEPLOYMENT_TARGET = 8.2;
				MTL_ENABLE_DEBUG_INFO = YES;
				ONLY_ACTIVE_ARCH = YES;
				SDKROOT = iphoneos;
				SWIFT_OPTIMIZATION_LEVEL = "-Onone";
			};
			name = Debug;
		};
		98D709A41ACEE5EF00D76A48 /* Release */ = {
			isa = XCBuildConfiguration;
			buildSettings = {
				ALWAYS_SEARCH_USER_PATHS = NO;
				CLANG_CXX_LANGUAGE_STANDARD = "gnu++0x";
				CLANG_CXX_LIBRARY = "libc++";
				CLANG_ENABLE_MODULES = YES;
				CLANG_ENABLE_OBJC_ARC = YES;
				CLANG_WARN_BOOL_CONVERSION = YES;
				CLANG_WARN_CONSTANT_CONVERSION = YES;
				CLANG_WARN_DIRECT_OBJC_ISA_USAGE = YES_ERROR;
				CLANG_WARN_EMPTY_BODY = YES;
				CLANG_WARN_ENUM_CONVERSION = YES;
				CLANG_WARN_INT_CONVERSION = YES;
				CLANG_WARN_OBJC_ROOT_CLASS = YES_ERROR;
				CLANG_WARN_UNREACHABLE_CODE = YES;
				CLANG_WARN__DUPLICATE_METHOD_MATCH = YES;
				"CODE_SIGN_IDENTITY[sdk=iphoneos*]" = "iPhone Developer";
				COPY_PHASE_STRIP = NO;
				ENABLE_NS_ASSERTIONS = NO;
				ENABLE_STRICT_OBJC_MSGSEND = YES;
				GCC_C_LANGUAGE_STANDARD = gnu99;
				GCC_WARN_64_TO_32_BIT_CONVERSION = YES;
				GCC_WARN_ABOUT_RETURN_TYPE = YES_ERROR;
				GCC_WARN_UNDECLARED_SELECTOR = YES;
				GCC_WARN_UNINITIALIZED_AUTOS = YES_AGGRESSIVE;
				GCC_WARN_UNUSED_FUNCTION = YES;
				GCC_WARN_UNUSED_VARIABLE = YES;
				IPHONEOS_DEPLOYMENT_TARGET = 8.2;
				MTL_ENABLE_DEBUG_INFO = NO;
				SDKROOT = iphoneos;
				VALIDATE_PRODUCT = YES;
			};
			name = Release;
		};
		98D709A61ACEE5EF00D76A48 /* Debug */ = {
			isa = XCBuildConfiguration;
			buildSettings = {
				ASSETCATALOG_COMPILER_APPICON_NAME = AppIcon;
				CODE_SIGN_IDENTITY = "iPhone Developer";
				INFOPLIST_FILE = "Fun Facts/Info.plist";
				LD_RUNPATH_SEARCH_PATHS = "$(inherited) @executable_path/Frameworks";
				PRODUCT_NAME = "$(TARGET_NAME)";
			};
			name = Debug;
		};
		98D709A71ACEE5EF00D76A48 /* Release */ = {
			isa = XCBuildConfiguration;
			buildSettings = {
				ASSETCATALOG_COMPILER_APPICON_NAME = AppIcon;
				CODE_SIGN_IDENTITY = "iPhone Developer";
				INFOPLIST_FILE = "Fun Facts/Info.plist";
				LD_RUNPATH_SEARCH_PATHS = "$(inherited) @executable_path/Frameworks";
				PRODUCT_NAME = "$(TARGET_NAME)";
			};
			name = Release;
		};
		98D709A91ACEE5EF00D76A48 /* Debug */ = {
			isa = XCBuildConfiguration;
			buildSettings = {
				BUNDLE_LOADER = "$(TEST_HOST)";
				FRAMEWORK_SEARCH_PATHS = (
					"$(SDKROOT)/Developer/Library/Frameworks",
					"$(inherited)",
				);
				GCC_PREPROCESSOR_DEFINITIONS = (
					"DEBUG=1",
					"$(inherited)",
				);
				INFOPLIST_FILE = "Fun FactsTests/Info.plist";
				LD_RUNPATH_SEARCH_PATHS = "$(inherited) @executable_path/Frameworks @loader_path/Frameworks";
				PRODUCT_NAME = "$(TARGET_NAME)";
				TEST_HOST = "$(BUILT_PRODUCTS_DIR)/Fun Facts.app/Fun Facts";
			};
			name = Debug;
		};
		98D709AA1ACEE5EF00D76A48 /* Release */ = {
			isa = XCBuildConfiguration;
			buildSettings = {
				BUNDLE_LOADER = "$(TEST_HOST)";
				FRAMEWORK_SEARCH_PATHS = (
					"$(SDKROOT)/Developer/Library/Frameworks",
					"$(inherited)",
				);
				INFOPLIST_FILE = "Fun FactsTests/Info.plist";
				LD_RUNPATH_SEARCH_PATHS = "$(inherited) @executable_path/Frameworks @loader_path/Frameworks";
				PRODUCT_NAME = "$(TARGET_NAME)";
				TEST_HOST = "$(BUILT_PRODUCTS_DIR)/Fun Facts.app/Fun Facts";
			};
			name = Release;
		};
/* End XCBuildConfiguration section */

/* Begin XCConfigurationList section */
		98D709811ACEE5ED00D76A48 /* Build configuration list for PBXProject "Fun Facts" */ = {
			isa = XCConfigurationList;
			buildConfigurations = (
				98D709A31ACEE5EF00D76A48 /* Debug */,
				98D709A41ACEE5EF00D76A48 /* Release */,
			);
			defaultConfigurationIsVisible = 0;
			defaultConfigurationName = Release;
		};
		98D709A51ACEE5EF00D76A48 /* Build configuration list for PBXNativeTarget "Fun Facts" */ = {
			isa = XCConfigurationList;
			buildConfigurations = (
				98D709A61ACEE5EF00D76A48 /* Debug */,
				98D709A71ACEE5EF00D76A48 /* Release */,
			);
			defaultConfigurationIsVisible = 0;
			defaultConfigurationName = Release;
		};
		98D709A81ACEE5EF00D76A48 /* Build configuration list for PBXNativeTarget "Fun FactsTests" */ = {
			isa = XCConfigurationList;
			buildConfigurations = (
				98D709A91ACEE5EF00D76A48 /* Debug */,
				98D709AA1ACEE5EF00D76A48 /* Release */,
			);
			defaultConfigurationIsVisible = 0;
			defaultConfigurationName = Release;
		};
/* End XCConfigurationList section */
	};
	rootObject = 98D7097E1ACEE5ED00D76A48 /* Project object */;
}
